// !$*UTF8*$!
{
	archiveVersion = 1;
	classes = {
	};
	objectVersion = 48;
	objects = {

/* Begin PBXBuildFile section */
		E10B7A16205AB658004D6925 /* CustomUser.swift in Sources */ = {isa = PBXBuildFile; fileRef = E10B7A15205AB658004D6925 /* CustomUser.swift */; };
		E10B7A18205AB95B004D6925 /* Tutorial+Extension.swift in Sources */ = {isa = PBXBuildFile; fileRef = E10B7A17205AB95B004D6925 /* Tutorial+Extension.swift */; };
		E1115AD32046F40700DCCC30 /* HomepageStoryboard.storyboard in Resources */ = {isa = PBXBuildFile; fileRef = E1115AD22046F40700DCCC30 /* HomepageStoryboard.storyboard */; };
		E11CBD91206020CE004FFE80 /* StepViewController.swift in Sources */ = {isa = PBXBuildFile; fileRef = E11CBD90206020CE004FFE80 /* StepViewController.swift */; };
		E11CBD932061198E004FFE80 /* TutorialStep.swift in Sources */ = {isa = PBXBuildFile; fileRef = E11CBD922061198E004FFE80 /* TutorialStep.swift */; };
		E11CBD9520612AF6004FFE80 /* Sweet Pea_2.ttf in Resources */ = {isa = PBXBuildFile; fileRef = E17D215F205D701B002E467B /* Sweet Pea_2.ttf */; };
		E11CBD982061361C004FFE80 /* TutorialStep+Extension.swift in Sources */ = {isa = PBXBuildFile; fileRef = E11CBD972061361C004FFE80 /* TutorialStep+Extension.swift */; };
		E11CBD9A20616EBB004FFE80 /* Assets.xcassets in Resources */ = {isa = PBXBuildFile; fileRef = E11CBD9920616EBB004FFE80 /* Assets.xcassets */; };
		E12D7AE320442A0D00E6B7F2 /* HomepageViewController.swift in Sources */ = {isa = PBXBuildFile; fileRef = E12D7AE220442A0D00E6B7F2 /* HomepageViewController.swift */; };
		E12D7AED20445F2A00E6B7F2 /* UIViewStyles.swift in Sources */ = {isa = PBXBuildFile; fileRef = E12D7AEC20445F2A00E6B7F2 /* UIViewStyles.swift */; };
		E12D7AEF20459F0600E6B7F2 /* CollectionViewCell.swift in Sources */ = {isa = PBXBuildFile; fileRef = E12D7AEE20459F0600E6B7F2 /* CollectionViewCell.swift */; };
		E135BD2020A60833003104D9 /* InfoViewController.swift in Sources */ = {isa = PBXBuildFile; fileRef = E135BD1F20A60833003104D9 /* InfoViewController.swift */; };
		E145539D20A7B03300C2DD75 /* loading.json in Resources */ = {isa = PBXBuildFile; fileRef = E145539C20A7AF8700C2DD75 /* loading.json */; };
		E14BAFEC205825A8003F064F /* Tutorial.swift in Sources */ = {isa = PBXBuildFile; fileRef = E14BAFEB205825A8003F064F /* Tutorial.swift */; };
		E14BAFEE205826E8003F064F /* AddTutorialStep.swift in Sources */ = {isa = PBXBuildFile; fileRef = E14BAFED205826E8003F064F /* AddTutorialStep.swift */; };
		E14E871F208F982F006CB608 /* Texter.swift in Sources */ = {isa = PBXBuildFile; fileRef = E14E871D208F982F006CB608 /* Texter.swift */; };
		E159221420A4ADF5000ED013 /* ShareTutorialViewController.swift in Sources */ = {isa = PBXBuildFile; fileRef = E159221320A4ADF5000ED013 /* ShareTutorialViewController.swift */; };
		E15AF6942097791F00739809 /* Users.swift in Sources */ = {isa = PBXBuildFile; fileRef = E15AF6932097791F00739809 /* Users.swift */; };
		E16247662046FD080085F0DF /* CustomCell.xib in Resources */ = {isa = PBXBuildFile; fileRef = E16247652046FD080085F0DF /* CustomCell.xib */; };
		E178B0F020545AC20047CA9A /* TutorialUploadViewController.swift in Sources */ = {isa = PBXBuildFile; fileRef = E178B0EF20545AC20047CA9A /* TutorialUploadViewController.swift */; };
		E181064C2056DD9D009B7B57 /* UploadViewController.swift in Sources */ = {isa = PBXBuildFile; fileRef = E181064B2056DD9D009B7B57 /* UploadViewController.swift */; };
		E183446720B432F0006D8F5B /* ShowStepCell.swift in Sources */ = {isa = PBXBuildFile; fileRef = E183446620B432F0006D8F5B /* ShowStepCell.swift */; };
		E1A425C92098DF82004EACBE /* GoogleService-Info.plist in Resources */ = {isa = PBXBuildFile; fileRef = E1A425C82098DF82004EACBE /* GoogleService-Info.plist */; };
		E1A8542020863F4A00599AA2 /* UserProfileViewController.swift in Sources */ = {isa = PBXBuildFile; fileRef = E1A8541F20863F4A00599AA2 /* UserProfileViewController.swift */; };
		E1A8A305203B0D1A00F60B21 /* SignUpViewController.swift in Sources */ = {isa = PBXBuildFile; fileRef = E1A8A304203B0D1A00F60B21 /* SignUpViewController.swift */; };
		E1B3710E1FBF259900877BA2 /* StepTwo.swift in Sources */ = {isa = PBXBuildFile; fileRef = E1B3710D1FBF259900877BA2 /* StepTwo.swift */; };
		E1B371101FBF4B0A00877BA2 /* StepThree.swift in Sources */ = {isa = PBXBuildFile; fileRef = E1B3710F1FBF4B0A00877BA2 /* StepThree.swift */; };
		E1B44D7220A7304500E7F05A /* ShowTutorialCell.swift in Sources */ = {isa = PBXBuildFile; fileRef = E1B44D7120A7304500E7F05A /* ShowTutorialCell.swift */; };
		E1C458CC20A7B2F0004F335A /* uploadComplete.json in Resources */ = {isa = PBXBuildFile; fileRef = E1C458CB20A7B2F0004F335A /* uploadComplete.json */; };
		E1C458CE20A7B3D4004F335A /* playAnimation.json in Resources */ = {isa = PBXBuildFile; fileRef = E1C458CD20A7B3D4004F335A /* playAnimation.json */; };
		E1C458D020A7B4E8004F335A /* loadingAnimation.json in Resources */ = {isa = PBXBuildFile; fileRef = E1C458CF20A7B4E8004F335A /* loadingAnimation.json */; };
		E1E1F79E2033076B0099D10A /* LoginViewController.swift in Sources */ = {isa = PBXBuildFile; fileRef = E1E1F79D2033076B0099D10A /* LoginViewController.swift */; };
		E1E1F7A020332F350099D10A /* AppContainerViewController.swift in Sources */ = {isa = PBXBuildFile; fileRef = E1E1F79F20332F350099D10A /* AppContainerViewController.swift */; };
		E1E1F7A220332F8D0099D10A /* AppManager.swift in Sources */ = {isa = PBXBuildFile; fileRef = E1E1F7A120332F8D0099D10A /* AppManager.swift */; };
		E1E2F66D20A1B1F70044F316 /* String+Extension.swift in Sources */ = {isa = PBXBuildFile; fileRef = E1E2F66C20A1B1F70044F316 /* String+Extension.swift */; };
		E1E2F66F20A1B30C0044F316 /* MediaUploader.swift in Sources */ = {isa = PBXBuildFile; fileRef = E1E2F66E20A1B30C0044F316 /* MediaUploader.swift */; };
		E1E2F67120A1E33F0044F316 /* Gotham Bold Regular.ttf in Resources */ = {isa = PBXBuildFile; fileRef = E1A425C52098DCDA004EACBE /* Gotham Bold Regular.ttf */; };
		E1E2F67220A1E3440044F316 /* Gotham Rounded light.ttf in Resources */ = {isa = PBXBuildFile; fileRef = E1A425C62098DCE1004EACBE /* Gotham Rounded light.ttf */; };
		E1E2F67420A206D30044F316 /* EditProfileViewController.swift in Sources */ = {isa = PBXBuildFile; fileRef = E1E2F67320A206D30044F316 /* EditProfileViewController.swift */; };
		E1F4D5081FB34F170063DE5F /* AppDelegate.swift in Sources */ = {isa = PBXBuildFile; fileRef = E1F4D5071FB34F170063DE5F /* AppDelegate.swift */; };
		E1F4D50A1FB34F170063DE5F /* LiveTutorialViewController.swift in Sources */ = {isa = PBXBuildFile; fileRef = E1F4D5091FB34F170063DE5F /* LiveTutorialViewController.swift */; };
		E1F4D5121FB34F170063DE5F /* LaunchScreen.storyboard in Resources */ = {isa = PBXBuildFile; fileRef = E1F4D5101FB34F170063DE5F /* LaunchScreen.storyboard */; };
		E1F4D51D1FB34F170063DE5F /* Camera_Detection_PrototypeTests.swift in Sources */ = {isa = PBXBuildFile; fileRef = E1F4D51C1FB34F170063DE5F /* Camera_Detection_PrototypeTests.swift */; };
		E1F4D5281FB34F170063DE5F /* Camera_Detection_PrototypeUITests.swift in Sources */ = {isa = PBXBuildFile; fileRef = E1F4D5271FB34F170063DE5F /* Camera_Detection_PrototypeUITests.swift */; };
		E1F4D5361FB3537F0063DE5F /* StepOne.swift in Sources */ = {isa = PBXBuildFile; fileRef = E1F4D5351FB3537F0063DE5F /* StepOne.swift */; };
		F03171C037610D66E2C38C29 /* Pods_Camera_Detection_PrototypeUITests.framework in Frameworks */ = {isa = PBXBuildFile; fileRef = E3525B053A36B248E4150244 /* Pods_Camera_Detection_PrototypeUITests.framework */; };
		F06CE6A344AAE5079C98032A /* Pods_Camera_Detection_PrototypeTests.framework in Frameworks */ = {isa = PBXBuildFile; fileRef = 1FBF314FDE9F624A2AB12831 /* Pods_Camera_Detection_PrototypeTests.framework */; };
		F8BCE1655620BA184A660659 /* Pods_Camera_Detection_Prototype.framework in Frameworks */ = {isa = PBXBuildFile; fileRef = 951C863414AD1628AC838B54 /* Pods_Camera_Detection_Prototype.framework */; };
/* End PBXBuildFile section */

/* Begin PBXContainerItemProxy section */
		E1F4D5191FB34F170063DE5F /* PBXContainerItemProxy */ = {
			isa = PBXContainerItemProxy;
			containerPortal = E1F4D4FC1FB34F170063DE5F /* Project object */;
			proxyType = 1;
			remoteGlobalIDString = E1F4D5031FB34F170063DE5F;
			remoteInfo = "Camera Detection Prototype";
		};
		E1F4D5241FB34F170063DE5F /* PBXContainerItemProxy */ = {
			isa = PBXContainerItemProxy;
			containerPortal = E1F4D4FC1FB34F170063DE5F /* Project object */;
			proxyType = 1;
			remoteGlobalIDString = E1F4D5031FB34F170063DE5F;
			remoteInfo = "Camera Detection Prototype";
		};
/* End PBXContainerItemProxy section */

/* Begin PBXFileReference section */
		1FBF314FDE9F624A2AB12831 /* Pods_Camera_Detection_PrototypeTests.framework */ = {isa = PBXFileReference; explicitFileType = wrapper.framework; includeInIndex = 0; path = Pods_Camera_Detection_PrototypeTests.framework; sourceTree = BUILT_PRODUCTS_DIR; };
		31A52FAB59EB598DBD80C3F6 /* Pods-Camera Detection Prototype.release.xcconfig */ = {isa = PBXFileReference; includeInIndex = 1; lastKnownFileType = text.xcconfig; name = "Pods-Camera Detection Prototype.release.xcconfig"; path = "Pods/Target Support Files/Pods-Camera Detection Prototype/Pods-Camera Detection Prototype.release.xcconfig"; sourceTree = "<group>"; };
		4FE74EC7C2874E186CBB30E6 /* Pods-Camera Detection Prototype.debug.xcconfig */ = {isa = PBXFileReference; includeInIndex = 1; lastKnownFileType = text.xcconfig; name = "Pods-Camera Detection Prototype.debug.xcconfig"; path = "Pods/Target Support Files/Pods-Camera Detection Prototype/Pods-Camera Detection Prototype.debug.xcconfig"; sourceTree = "<group>"; };
		811743C000A0F70760E084E7 /* Pods-Camera Detection PrototypeUITests.release.xcconfig */ = {isa = PBXFileReference; includeInIndex = 1; lastKnownFileType = text.xcconfig; name = "Pods-Camera Detection PrototypeUITests.release.xcconfig"; path = "Pods/Target Support Files/Pods-Camera Detection PrototypeUITests/Pods-Camera Detection PrototypeUITests.release.xcconfig"; sourceTree = "<group>"; };
		951C863414AD1628AC838B54 /* Pods_Camera_Detection_Prototype.framework */ = {isa = PBXFileReference; explicitFileType = wrapper.framework; includeInIndex = 0; path = Pods_Camera_Detection_Prototype.framework; sourceTree = BUILT_PRODUCTS_DIR; };
		A3EC2BF938313EC77DBDEAA5 /* Pods-Camera Detection PrototypeTests.debug.xcconfig */ = {isa = PBXFileReference; includeInIndex = 1; lastKnownFileType = text.xcconfig; name = "Pods-Camera Detection PrototypeTests.debug.xcconfig"; path = "Pods/Target Support Files/Pods-Camera Detection PrototypeTests/Pods-Camera Detection PrototypeTests.debug.xcconfig"; sourceTree = "<group>"; };
		CEDF2A373FFBA50D6712B02F /* Pods-Camera Detection PrototypeUITests.debug.xcconfig */ = {isa = PBXFileReference; includeInIndex = 1; lastKnownFileType = text.xcconfig; name = "Pods-Camera Detection PrototypeUITests.debug.xcconfig"; path = "Pods/Target Support Files/Pods-Camera Detection PrototypeUITests/Pods-Camera Detection PrototypeUITests.debug.xcconfig"; sourceTree = "<group>"; };
		E10B7A15205AB658004D6925 /* CustomUser.swift */ = {isa = PBXFileReference; lastKnownFileType = sourcecode.swift; path = CustomUser.swift; sourceTree = "<group>"; };
		E10B7A17205AB95B004D6925 /* Tutorial+Extension.swift */ = {isa = PBXFileReference; lastKnownFileType = sourcecode.swift; path = "Tutorial+Extension.swift"; sourceTree = "<group>"; };
		E1115AD22046F40700DCCC30 /* HomepageStoryboard.storyboard */ = {isa = PBXFileReference; lastKnownFileType = file.storyboard; path = HomepageStoryboard.storyboard; sourceTree = "<group>"; };
		E11CBD90206020CE004FFE80 /* StepViewController.swift */ = {isa = PBXFileReference; lastKnownFileType = sourcecode.swift; path = StepViewController.swift; sourceTree = "<group>"; };
		E11CBD922061198E004FFE80 /* TutorialStep.swift */ = {isa = PBXFileReference; lastKnownFileType = sourcecode.swift; path = TutorialStep.swift; sourceTree = "<group>"; };
		E11CBD972061361C004FFE80 /* TutorialStep+Extension.swift */ = {isa = PBXFileReference; lastKnownFileType = sourcecode.swift; path = "TutorialStep+Extension.swift"; sourceTree = "<group>"; };
		E11CBD9920616EBB004FFE80 /* Assets.xcassets */ = {isa = PBXFileReference; lastKnownFileType = folder.assetcatalog; path = Assets.xcassets; sourceTree = "<group>"; };
		E12D7AE220442A0D00E6B7F2 /* HomepageViewController.swift */ = {isa = PBXFileReference; lastKnownFileType = sourcecode.swift; path = HomepageViewController.swift; sourceTree = "<group>"; };
		E12D7AEC20445F2A00E6B7F2 /* UIViewStyles.swift */ = {isa = PBXFileReference; lastKnownFileType = sourcecode.swift; name = UIViewStyles.swift; path = "Camera Detection Prototype/IBDesignables/UIViewStyles.swift"; sourceTree = SOURCE_ROOT; };
		E12D7AEE20459F0600E6B7F2 /* CollectionViewCell.swift */ = {isa = PBXFileReference; lastKnownFileType = sourcecode.swift; path = CollectionViewCell.swift; sourceTree = "<group>"; };
		E135BD1F20A60833003104D9 /* InfoViewController.swift */ = {isa = PBXFileReference; lastKnownFileType = sourcecode.swift; path = InfoViewController.swift; sourceTree = "<group>"; };
		E145539C20A7AF8700C2DD75 /* loading.json */ = {isa = PBXFileReference; fileEncoding = 4; lastKnownFileType = text.json; path = loading.json; sourceTree = "<group>"; };
		E14BAFEB205825A8003F064F /* Tutorial.swift */ = {isa = PBXFileReference; lastKnownFileType = sourcecode.swift; name = Tutorial.swift; path = "Camera Detection Prototype/MainFeed/Tutorial.swift"; sourceTree = SOURCE_ROOT; };
		E14BAFED205826E8003F064F /* AddTutorialStep.swift */ = {isa = PBXFileReference; lastKnownFileType = sourcecode.swift; path = AddTutorialStep.swift; sourceTree = "<group>"; };
		E14E871D208F982F006CB608 /* Texter.swift */ = {isa = PBXFileReference; fileEncoding = 4; lastKnownFileType = sourcecode.swift; path = Texter.swift; sourceTree = "<group>"; };
		E159221320A4ADF5000ED013 /* ShareTutorialViewController.swift */ = {isa = PBXFileReference; lastKnownFileType = sourcecode.swift; path = ShareTutorialViewController.swift; sourceTree = "<group>"; };
		E15AF6932097791F00739809 /* Users.swift */ = {isa = PBXFileReference; lastKnownFileType = sourcecode.swift; path = Users.swift; sourceTree = "<group>"; };
		E16247652046FD080085F0DF /* CustomCell.xib */ = {isa = PBXFileReference; lastKnownFileType = file.xib; path = CustomCell.xib; sourceTree = "<group>"; };
		E173586620499A9300043B5F /* Bolts.framework */ = {isa = PBXFileReference; lastKnownFileType = wrapper.framework; path = Bolts.framework; sourceTree = "<group>"; };
		E173586720499A9500043B5F /* FBSDKCoreKit.framework */ = {isa = PBXFileReference; lastKnownFileType = wrapper.framework; path = FBSDKCoreKit.framework; sourceTree = "<group>"; };
		E173586820499A9700043B5F /* FBSDKLoginKit.framework */ = {isa = PBXFileReference; lastKnownFileType = wrapper.framework; path = FBSDKLoginKit.framework; sourceTree = "<group>"; };
		E173586920499A9800043B5F /* FBSDKMessengerShareKit.framework */ = {isa = PBXFileReference; lastKnownFileType = wrapper.framework; path = FBSDKMessengerShareKit.framework; sourceTree = "<group>"; };
		E178B0EF20545AC20047CA9A /* TutorialUploadViewController.swift */ = {isa = PBXFileReference; lastKnownFileType = sourcecode.swift; path = TutorialUploadViewController.swift; sourceTree = "<group>"; };
		E17D215F205D701B002E467B /* Sweet Pea_2.ttf */ = {isa = PBXFileReference; lastKnownFileType = file; name = "Sweet Pea_2.ttf"; path = "Camera Detection Prototype/New Group/Sweet Pea_2.ttf"; sourceTree = SOURCE_ROOT; };
		E181064B2056DD9D009B7B57 /* UploadViewController.swift */ = {isa = PBXFileReference; lastKnownFileType = sourcecode.swift; path = UploadViewController.swift; sourceTree = "<group>"; };
		E183446620B432F0006D8F5B /* ShowStepCell.swift */ = {isa = PBXFileReference; lastKnownFileType = sourcecode.swift; path = ShowStepCell.swift; sourceTree = "<group>"; };
		E1A425C52098DCDA004EACBE /* Gotham Bold Regular.ttf */ = {isa = PBXFileReference; lastKnownFileType = file; path = "Gotham Bold Regular.ttf"; sourceTree = "<group>"; };
		E1A425C62098DCE1004EACBE /* Gotham Rounded light.ttf */ = {isa = PBXFileReference; lastKnownFileType = file; path = "Gotham Rounded light.ttf"; sourceTree = "<group>"; };
		E1A425C82098DF82004EACBE /* GoogleService-Info.plist */ = {isa = PBXFileReference; fileEncoding = 4; lastKnownFileType = text.plist.xml; name = "GoogleService-Info.plist"; path = "IBDesignables/GoogleService-Info.plist"; sourceTree = "<group>"; };
		E1A8541F20863F4A00599AA2 /* UserProfileViewController.swift */ = {isa = PBXFileReference; lastKnownFileType = sourcecode.swift; path = UserProfileViewController.swift; sourceTree = "<group>"; };
		E1A8A304203B0D1A00F60B21 /* SignUpViewController.swift */ = {isa = PBXFileReference; lastKnownFileType = sourcecode.swift; path = SignUpViewController.swift; sourceTree = "<group>"; };
		E1B3710D1FBF259900877BA2 /* StepTwo.swift */ = {isa = PBXFileReference; lastKnownFileType = sourcecode.swift; path = StepTwo.swift; sourceTree = "<group>"; };
		E1B3710F1FBF4B0A00877BA2 /* StepThree.swift */ = {isa = PBXFileReference; lastKnownFileType = sourcecode.swift; path = StepThree.swift; sourceTree = "<group>"; };
		E1B44D7120A7304500E7F05A /* ShowTutorialCell.swift */ = {isa = PBXFileReference; lastKnownFileType = sourcecode.swift; path = ShowTutorialCell.swift; sourceTree = "<group>"; };
		E1C458CB20A7B2F0004F335A /* uploadComplete.json */ = {isa = PBXFileReference; fileEncoding = 4; lastKnownFileType = text.json; path = uploadComplete.json; sourceTree = "<group>"; };
		E1C458CD20A7B3D4004F335A /* playAnimation.json */ = {isa = PBXFileReference; fileEncoding = 4; lastKnownFileType = text.json; path = playAnimation.json; sourceTree = "<group>"; };
		E1C458CF20A7B4E8004F335A /* loadingAnimation.json */ = {isa = PBXFileReference; fileEncoding = 4; lastKnownFileType = text.json; path = loadingAnimation.json; sourceTree = "<group>"; };
		E1CD75AB20A9E314008BCFC2 /* Gotham Rounded Book.otf */ = {isa = PBXFileReference; lastKnownFileType = file; path = "Gotham Rounded Book.otf"; sourceTree = "<group>"; };
		E1E1F79D2033076B0099D10A /* LoginViewController.swift */ = {isa = PBXFileReference; lastKnownFileType = sourcecode.swift; path = LoginViewController.swift; sourceTree = "<group>"; };
		E1E1F79F20332F350099D10A /* AppContainerViewController.swift */ = {isa = PBXFileReference; lastKnownFileType = sourcecode.swift; path = AppContainerViewController.swift; sourceTree = "<group>"; };
		E1E1F7A120332F8D0099D10A /* AppManager.swift */ = {isa = PBXFileReference; fileEncoding = 4; lastKnownFileType = sourcecode.swift; path = AppManager.swift; sourceTree = "<group>"; };
		E1E2F66C20A1B1F70044F316 /* String+Extension.swift */ = {isa = PBXFileReference; lastKnownFileType = sourcecode.swift; path = "String+Extension.swift"; sourceTree = "<group>"; };
		E1E2F66E20A1B30C0044F316 /* MediaUploader.swift */ = {isa = PBXFileReference; lastKnownFileType = sourcecode.swift; path = MediaUploader.swift; sourceTree = "<group>"; };
		E1E2F67320A206D30044F316 /* EditProfileViewController.swift */ = {isa = PBXFileReference; lastKnownFileType = sourcecode.swift; path = EditProfileViewController.swift; sourceTree = "<group>"; };
		E1F4D5041FB34F170063DE5F /* Camera Detection Prototype.app */ = {isa = PBXFileReference; explicitFileType = wrapper.application; includeInIndex = 0; path = "Camera Detection Prototype.app"; sourceTree = BUILT_PRODUCTS_DIR; };
		E1F4D5071FB34F170063DE5F /* AppDelegate.swift */ = {isa = PBXFileReference; lastKnownFileType = sourcecode.swift; path = AppDelegate.swift; sourceTree = "<group>"; };
		E1F4D5091FB34F170063DE5F /* LiveTutorialViewController.swift */ = {isa = PBXFileReference; lastKnownFileType = sourcecode.swift; path = LiveTutorialViewController.swift; sourceTree = "<group>"; };
		E1F4D5111FB34F170063DE5F /* Base */ = {isa = PBXFileReference; lastKnownFileType = file.storyboard; name = Base; path = Base.lproj/LaunchScreen.storyboard; sourceTree = "<group>"; };
		E1F4D5131FB34F170063DE5F /* Info.plist */ = {isa = PBXFileReference; lastKnownFileType = text.plist.xml; path = Info.plist; sourceTree = "<group>"; };
		E1F4D5181FB34F170063DE5F /* Camera Detection PrototypeTests.xctest */ = {isa = PBXFileReference; explicitFileType = wrapper.cfbundle; includeInIndex = 0; path = "Camera Detection PrototypeTests.xctest"; sourceTree = BUILT_PRODUCTS_DIR; };
		E1F4D51C1FB34F170063DE5F /* Camera_Detection_PrototypeTests.swift */ = {isa = PBXFileReference; lastKnownFileType = sourcecode.swift; path = Camera_Detection_PrototypeTests.swift; sourceTree = "<group>"; };
		E1F4D51E1FB34F170063DE5F /* Info.plist */ = {isa = PBXFileReference; lastKnownFileType = text.plist.xml; path = Info.plist; sourceTree = "<group>"; };
		E1F4D5231FB34F170063DE5F /* Camera Detection PrototypeUITests.xctest */ = {isa = PBXFileReference; explicitFileType = wrapper.cfbundle; includeInIndex = 0; path = "Camera Detection PrototypeUITests.xctest"; sourceTree = BUILT_PRODUCTS_DIR; };
		E1F4D5271FB34F170063DE5F /* Camera_Detection_PrototypeUITests.swift */ = {isa = PBXFileReference; lastKnownFileType = sourcecode.swift; path = Camera_Detection_PrototypeUITests.swift; sourceTree = "<group>"; };
		E1F4D5291FB34F170063DE5F /* Info.plist */ = {isa = PBXFileReference; lastKnownFileType = text.plist.xml; path = Info.plist; sourceTree = "<group>"; };
		E1F4D5351FB3537F0063DE5F /* StepOne.swift */ = {isa = PBXFileReference; lastKnownFileType = sourcecode.swift; path = StepOne.swift; sourceTree = "<group>"; };
		E3525B053A36B248E4150244 /* Pods_Camera_Detection_PrototypeUITests.framework */ = {isa = PBXFileReference; explicitFileType = wrapper.framework; includeInIndex = 0; path = Pods_Camera_Detection_PrototypeUITests.framework; sourceTree = BUILT_PRODUCTS_DIR; };
		F1A6D59868B9BCE0C6B1D918 /* Pods-Camera Detection PrototypeTests.release.xcconfig */ = {isa = PBXFileReference; includeInIndex = 1; lastKnownFileType = text.xcconfig; name = "Pods-Camera Detection PrototypeTests.release.xcconfig"; path = "Pods/Target Support Files/Pods-Camera Detection PrototypeTests/Pods-Camera Detection PrototypeTests.release.xcconfig"; sourceTree = "<group>"; };
/* End PBXFileReference section */

/* Begin PBXFrameworksBuildPhase section */
		E1F4D5011FB34F170063DE5F /* Frameworks */ = {
			isa = PBXFrameworksBuildPhase;
			buildActionMask = 2147483647;
			files = (
				F8BCE1655620BA184A660659 /* Pods_Camera_Detection_Prototype.framework in Frameworks */,
			);
			runOnlyForDeploymentPostprocessing = 0;
		};
		E1F4D5151FB34F170063DE5F /* Frameworks */ = {
			isa = PBXFrameworksBuildPhase;
			buildActionMask = 2147483647;
			files = (
				F06CE6A344AAE5079C98032A /* Pods_Camera_Detection_PrototypeTests.framework in Frameworks */,
			);
			runOnlyForDeploymentPostprocessing = 0;
		};
		E1F4D5201FB34F170063DE5F /* Frameworks */ = {
			isa = PBXFrameworksBuildPhase;
			buildActionMask = 2147483647;
			files = (
				F03171C037610D66E2C38C29 /* Pods_Camera_Detection_PrototypeUITests.framework in Frameworks */,
			);
			runOnlyForDeploymentPostprocessing = 0;
		};
/* End PBXFrameworksBuildPhase section */

/* Begin PBXGroup section */
		191C5A13930D4D6160D2A930 /* Frameworks */ = {
			isa = PBXGroup;
			children = (
				E173586620499A9300043B5F /* Bolts.framework */,
				E173586720499A9500043B5F /* FBSDKCoreKit.framework */,
				E173586820499A9700043B5F /* FBSDKLoginKit.framework */,
				E173586920499A9800043B5F /* FBSDKMessengerShareKit.framework */,
				951C863414AD1628AC838B54 /* Pods_Camera_Detection_Prototype.framework */,
				1FBF314FDE9F624A2AB12831 /* Pods_Camera_Detection_PrototypeTests.framework */,
				E3525B053A36B248E4150244 /* Pods_Camera_Detection_PrototypeUITests.framework */,
			);
			name = Frameworks;
			sourceTree = "<group>";
		};
		2F0FD21E07011B683913322F /* Pods */ = {
			isa = PBXGroup;
			children = (
				4FE74EC7C2874E186CBB30E6 /* Pods-Camera Detection Prototype.debug.xcconfig */,
				31A52FAB59EB598DBD80C3F6 /* Pods-Camera Detection Prototype.release.xcconfig */,
				A3EC2BF938313EC77DBDEAA5 /* Pods-Camera Detection PrototypeTests.debug.xcconfig */,
				F1A6D59868B9BCE0C6B1D918 /* Pods-Camera Detection PrototypeTests.release.xcconfig */,
				CEDF2A373FFBA50D6712B02F /* Pods-Camera Detection PrototypeUITests.debug.xcconfig */,
				811743C000A0F70760E084E7 /* Pods-Camera Detection PrototypeUITests.release.xcconfig */,
			);
			name = Pods;
			sourceTree = "<group>";
		};
		E1115AD12046F3B700DCCC30 /* Storyboards */ = {
			isa = PBXGroup;
			children = (
				E1115AD22046F40700DCCC30 /* HomepageStoryboard.storyboard */,
				E1F4D5101FB34F170063DE5F /* LaunchScreen.storyboard */,
			);
			path = Storyboards;
			sourceTree = "<group>";
		};
		E12D7AE420445C1A00E6B7F2 /* LiveTutorial */ = {
			isa = PBXGroup;
			children = (
				E1F4D5091FB34F170063DE5F /* LiveTutorialViewController.swift */,
				E1F4D5351FB3537F0063DE5F /* StepOne.swift */,
				E1B3710D1FBF259900877BA2 /* StepTwo.swift */,
				E1B3710F1FBF4B0A00877BA2 /* StepThree.swift */,
			);
			path = LiveTutorial;
			sourceTree = "<group>";
		};
		E12D7AE720445C2E00E6B7F2 /* MainFeed */ = {
			isa = PBXGroup;
			children = (
				E12D7AE220442A0D00E6B7F2 /* HomepageViewController.swift */,
				E135BD1F20A60833003104D9 /* InfoViewController.swift */,
				E12D7AEE20459F0600E6B7F2 /* CollectionViewCell.swift */,
				E16247652046FD080085F0DF /* CustomCell.xib */,
				E14BAFEB205825A8003F064F /* Tutorial.swift */,
				E11CBD922061198E004FFE80 /* TutorialStep.swift */,
				E10B7A17205AB95B004D6925 /* Tutorial+Extension.swift */,
				E11CBD972061361C004FFE80 /* TutorialStep+Extension.swift */,
			);
			path = MainFeed;
			sourceTree = "<group>";
		};
		E12D7AE820445C3100E6B7F2 /* LoginSignup */ = {
			isa = PBXGroup;
			children = (
				E1E1F7A120332F8D0099D10A /* AppManager.swift */,
				E1E1F79F20332F350099D10A /* AppContainerViewController.swift */,
				E1E1F79D2033076B0099D10A /* LoginViewController.swift */,
				E10B7A15205AB658004D6925 /* CustomUser.swift */,
				E1A8A304203B0D1A00F60B21 /* SignUpViewController.swift */,
				E15AF6932097791F00739809 /* Users.swift */,
			);
			path = LoginSignup;
			sourceTree = "<group>";
		};
		E12D7AE920445C3300E6B7F2 /* Delegate */ = {
			isa = PBXGroup;
			children = (
				E1F4D5071FB34F170063DE5F /* AppDelegate.swift */,
			);
			path = Delegate;
			sourceTree = "<group>";
		};
		E12D7AEA20445CA800E6B7F2 /* BasicTutorial */ = {
			isa = PBXGroup;
			children = (
				E14E871D208F982F006CB608 /* Texter.swift */,
				E178B0EF20545AC20047CA9A /* TutorialUploadViewController.swift */,
				E183446620B432F0006D8F5B /* ShowStepCell.swift */,
				E14BAFED205826E8003F064F /* AddTutorialStep.swift */,
				E11CBD90206020CE004FFE80 /* StepViewController.swift */,
				E159221320A4ADF5000ED013 /* ShareTutorialViewController.swift */,
			);
			path = BasicTutorial;
			sourceTree = "<group>";
		};
		E12D7AEB20445D7F00E6B7F2 /* IBDesignables */ = {
			isa = PBXGroup;
			children = (
				E12D7AEC20445F2A00E6B7F2 /* UIViewStyles.swift */,
			);
			path = IBDesignables;
			sourceTree = "<group>";
		};
		E1A425C72098DD07004EACBE /* Fonts */ = {
			isa = PBXGroup;
			children = (
				E1A425C52098DCDA004EACBE /* Gotham Bold Regular.ttf */,
				E1A425C62098DCE1004EACBE /* Gotham Rounded light.ttf */,
				E1CD75AB20A9E314008BCFC2 /* Gotham Rounded Book.otf */,
				E17D215F205D701B002E467B /* Sweet Pea_2.ttf */,
			);
			name = Fonts;
			path = "New Group";
			sourceTree = "<group>";
		};
		E1A8541E20863F3200599AA2 /* Profile */ = {
			isa = PBXGroup;
			children = (
				E1A8541F20863F4A00599AA2 /* UserProfileViewController.swift */,
				E1B44D7120A7304500E7F05A /* ShowTutorialCell.swift */,
				E1E2F67320A206D30044F316 /* EditProfileViewController.swift */,
			);
			path = Profile;
			sourceTree = "<group>";
		};
		E1F4D4FB1FB34F170063DE5F = {
			isa = PBXGroup;
			children = (
				E1F4D5061FB34F170063DE5F /* Camera Detection Prototype */,
				E1F4D51B1FB34F170063DE5F /* Camera Detection PrototypeTests */,
				E1F4D5261FB34F170063DE5F /* Camera Detection PrototypeUITests */,
				E1F4D5051FB34F170063DE5F /* Products */,
				2F0FD21E07011B683913322F /* Pods */,
				191C5A13930D4D6160D2A930 /* Frameworks */,
			);
			sourceTree = "<group>";
		};
		E1F4D5051FB34F170063DE5F /* Products */ = {
			isa = PBXGroup;
			children = (
				E1F4D5041FB34F170063DE5F /* Camera Detection Prototype.app */,
				E1F4D5181FB34F170063DE5F /* Camera Detection PrototypeTests.xctest */,
				E1F4D5231FB34F170063DE5F /* Camera Detection PrototypeUITests.xctest */,
			);
			name = Products;
			sourceTree = "<group>";
		};
		E1F4D5061FB34F170063DE5F /* Camera Detection Prototype */ = {
			isa = PBXGroup;
			children = (
				E1A425C72098DD07004EACBE /* Fonts */,
				E12D7AE920445C3300E6B7F2 /* Delegate */,
				E145539C20A7AF8700C2DD75 /* loading.json */,
				E1C458CF20A7B4E8004F335A /* loadingAnimation.json */,
				E1C458CD20A7B3D4004F335A /* playAnimation.json */,
				E1C458CB20A7B2F0004F335A /* uploadComplete.json */,
				E12D7AE820445C3100E6B7F2 /* LoginSignup */,
				E12D7AE720445C2E00E6B7F2 /* MainFeed */,
				E1A8541E20863F3200599AA2 /* Profile */,
				E12D7AE420445C1A00E6B7F2 /* LiveTutorial */,
				E1115AD12046F3B700DCCC30 /* Storyboards */,
				E12D7AEA20445CA800E6B7F2 /* BasicTutorial */,
				E12D7AEB20445D7F00E6B7F2 /* IBDesignables */,
				E1F4D5131FB34F170063DE5F /* Info.plist */,
				E1A425C82098DF82004EACBE /* GoogleService-Info.plist */,
				E181064B2056DD9D009B7B57 /* UploadViewController.swift */,
				E1E2F66C20A1B1F70044F316 /* String+Extension.swift */,
				E1E2F66E20A1B30C0044F316 /* MediaUploader.swift */,
				E11CBD9920616EBB004FFE80 /* Assets.xcassets */,
			);
			path = "Camera Detection Prototype";
			sourceTree = "<group>";
		};
		E1F4D51B1FB34F170063DE5F /* Camera Detection PrototypeTests */ = {
			isa = PBXGroup;
			children = (
				E1F4D51C1FB34F170063DE5F /* Camera_Detection_PrototypeTests.swift */,
				E1F4D51E1FB34F170063DE5F /* Info.plist */,
			);
			path = "Camera Detection PrototypeTests";
			sourceTree = "<group>";
		};
		E1F4D5261FB34F170063DE5F /* Camera Detection PrototypeUITests */ = {
			isa = PBXGroup;
			children = (
				E1F4D5271FB34F170063DE5F /* Camera_Detection_PrototypeUITests.swift */,
				E1F4D5291FB34F170063DE5F /* Info.plist */,
			);
			path = "Camera Detection PrototypeUITests";
			sourceTree = "<group>";
		};
/* End PBXGroup section */

/* Begin PBXNativeTarget section */
		E1F4D5031FB34F170063DE5F /* Camera Detection Prototype */ = {
			isa = PBXNativeTarget;
			buildConfigurationList = E1F4D52C1FB34F170063DE5F /* Build configuration list for PBXNativeTarget "Camera Detection Prototype" */;
			buildPhases = (
				45E8F698E10D8620A4289275 /* [CP] Check Pods Manifest.lock */,
				E1F4D5001FB34F170063DE5F /* Sources */,
				E1F4D5011FB34F170063DE5F /* Frameworks */,
				E1F4D5021FB34F170063DE5F /* Resources */,
				30BE1ABE6761219C5E2E49DE /* [CP] Embed Pods Frameworks */,
				E54D24D0CA864508863E74FC /* [CP] Copy Pods Resources */,
			);
			buildRules = (
			);
			dependencies = (
			);
			name = "Camera Detection Prototype";
			productName = "Camera Detection Prototype";
			productReference = E1F4D5041FB34F170063DE5F /* Camera Detection Prototype.app */;
			productType = "com.apple.product-type.application";
		};
		E1F4D5171FB34F170063DE5F /* Camera Detection PrototypeTests */ = {
			isa = PBXNativeTarget;
			buildConfigurationList = E1F4D52F1FB34F170063DE5F /* Build configuration list for PBXNativeTarget "Camera Detection PrototypeTests" */;
			buildPhases = (
				61C7F61F99A3E75D751B7ECD /* [CP] Check Pods Manifest.lock */,
				E1F4D5141FB34F170063DE5F /* Sources */,
				E1F4D5151FB34F170063DE5F /* Frameworks */,
				E1F4D5161FB34F170063DE5F /* Resources */,
				1AD5A8B3ED44F82C3C3BB536 /* [CP] Embed Pods Frameworks */,
				38B85729130138267C10F03C /* [CP] Copy Pods Resources */,
			);
			buildRules = (
			);
			dependencies = (
				E1F4D51A1FB34F170063DE5F /* PBXTargetDependency */,
			);
			name = "Camera Detection PrototypeTests";
			productName = "Camera Detection PrototypeTests";
			productReference = E1F4D5181FB34F170063DE5F /* Camera Detection PrototypeTests.xctest */;
			productType = "com.apple.product-type.bundle.unit-test";
		};
		E1F4D5221FB34F170063DE5F /* Camera Detection PrototypeUITests */ = {
			isa = PBXNativeTarget;
			buildConfigurationList = E1F4D5321FB34F170063DE5F /* Build configuration list for PBXNativeTarget "Camera Detection PrototypeUITests" */;
			buildPhases = (
				4AB50F8932C38EB709C12D66 /* [CP] Check Pods Manifest.lock */,
				E1F4D51F1FB34F170063DE5F /* Sources */,
				E1F4D5201FB34F170063DE5F /* Frameworks */,
				E1F4D5211FB34F170063DE5F /* Resources */,
				C93DECADC5F58D5A12F284E2 /* [CP] Embed Pods Frameworks */,
				457E600B272A52174E6905A6 /* [CP] Copy Pods Resources */,
			);
			buildRules = (
			);
			dependencies = (
				E1F4D5251FB34F170063DE5F /* PBXTargetDependency */,
			);
			name = "Camera Detection PrototypeUITests";
			productName = "Camera Detection PrototypeUITests";
			productReference = E1F4D5231FB34F170063DE5F /* Camera Detection PrototypeUITests.xctest */;
			productType = "com.apple.product-type.bundle.ui-testing";
		};
/* End PBXNativeTarget section */

/* Begin PBXProject section */
		E1F4D4FC1FB34F170063DE5F /* Project object */ = {
			isa = PBXProject;
			attributes = {
				LastSwiftUpdateCheck = 0910;
				LastUpgradeCheck = 0910;
				ORGANIZATIONNAME = "Amy Wichelow";
				TargetAttributes = {
					E1F4D5031FB34F170063DE5F = {
						CreatedOnToolsVersion = 9.1;
						ProvisioningStyle = Automatic;
					};
					E1F4D5171FB34F170063DE5F = {
						CreatedOnToolsVersion = 9.1;
						ProvisioningStyle = Automatic;
						TestTargetID = E1F4D5031FB34F170063DE5F;
					};
					E1F4D5221FB34F170063DE5F = {
						CreatedOnToolsVersion = 9.1;
						ProvisioningStyle = Automatic;
						TestTargetID = E1F4D5031FB34F170063DE5F;
					};
				};
			};
			buildConfigurationList = E1F4D4FF1FB34F170063DE5F /* Build configuration list for PBXProject "Camera Detection Prototype" */;
			compatibilityVersion = "Xcode 8.0";
			developmentRegion = en;
			hasScannedForEncodings = 0;
			knownRegions = (
				en,
				Base,
			);
			mainGroup = E1F4D4FB1FB34F170063DE5F;
			productRefGroup = E1F4D5051FB34F170063DE5F /* Products */;
			projectDirPath = "";
			projectRoot = "";
			targets = (
				E1F4D5031FB34F170063DE5F /* Camera Detection Prototype */,
				E1F4D5171FB34F170063DE5F /* Camera Detection PrototypeTests */,
				E1F4D5221FB34F170063DE5F /* Camera Detection PrototypeUITests */,
			);
		};
/* End PBXProject section */

/* Begin PBXResourcesBuildPhase section */
		E1F4D5021FB34F170063DE5F /* Resources */ = {
			isa = PBXResourcesBuildPhase;
			buildActionMask = 2147483647;
			files = (
				E1E2F67220A1E3440044F316 /* Gotham Rounded light.ttf in Resources */,
				E1E2F67120A1E33F0044F316 /* Gotham Bold Regular.ttf in Resources */,
				E1115AD32046F40700DCCC30 /* HomepageStoryboard.storyboard in Resources */,
				E1C458CE20A7B3D4004F335A /* playAnimation.json in Resources */,
				E145539D20A7B03300C2DD75 /* loading.json in Resources */,
				E1F4D5121FB34F170063DE5F /* LaunchScreen.storyboard in Resources */,
				E11CBD9520612AF6004FFE80 /* Sweet Pea_2.ttf in Resources */,
				E11CBD9A20616EBB004FFE80 /* Assets.xcassets in Resources */,
				E16247662046FD080085F0DF /* CustomCell.xib in Resources */,
				E1A425C92098DF82004EACBE /* GoogleService-Info.plist in Resources */,
				E1C458CC20A7B2F0004F335A /* uploadComplete.json in Resources */,
				E1C458D020A7B4E8004F335A /* loadingAnimation.json in Resources */,
			);
			runOnlyForDeploymentPostprocessing = 0;
		};
		E1F4D5161FB34F170063DE5F /* Resources */ = {
			isa = PBXResourcesBuildPhase;
			buildActionMask = 2147483647;
			files = (
			);
			runOnlyForDeploymentPostprocessing = 0;
		};
		E1F4D5211FB34F170063DE5F /* Resources */ = {
			isa = PBXResourcesBuildPhase;
			buildActionMask = 2147483647;
			files = (
			);
			runOnlyForDeploymentPostprocessing = 0;
		};
/* End PBXResourcesBuildPhase section */

/* Begin PBXShellScriptBuildPhase section */
		1AD5A8B3ED44F82C3C3BB536 /* [CP] Embed Pods Frameworks */ = {
			isa = PBXShellScriptBuildPhase;
			buildActionMask = 2147483647;
			files = (
			);
			inputPaths = (
			);
			name = "[CP] Embed Pods Frameworks";
			outputPaths = (
			);
			runOnlyForDeploymentPostprocessing = 0;
			shellPath = /bin/sh;
			shellScript = "\"${SRCROOT}/Pods/Target Support Files/Pods-Camera Detection PrototypeTests/Pods-Camera Detection PrototypeTests-frameworks.sh\"\n";
			showEnvVarsInLog = 0;
		};
		30BE1ABE6761219C5E2E49DE /* [CP] Embed Pods Frameworks */ = {
			isa = PBXShellScriptBuildPhase;
			buildActionMask = 2147483647;
			files = (
			);
			inputPaths = (
				"${SRCROOT}/Pods/Target Support Files/Pods-Camera Detection Prototype/Pods-Camera Detection Prototype-frameworks.sh",
				"${BUILT_PRODUCTS_DIR}/Floaty/Floaty.framework",
				"${BUILT_PRODUCTS_DIR}/GTMSessionFetcher/GTMSessionFetcher.framework",
				"${BUILT_PRODUCTS_DIR}/GoogleToolboxForMac/GoogleToolboxForMac.framework",
				"${BUILT_PRODUCTS_DIR}/IQKeyboardManagerSwift/IQKeyboardManagerSwift.framework",
				"${BUILT_PRODUCTS_DIR}/leveldb-library/leveldb.framework",
				"${BUILT_PRODUCTS_DIR}/lottie-ios/Lottie.framework",
				"${BUILT_PRODUCTS_DIR}/nanopb/nanopb.framework",
			);
			name = "[CP] Embed Pods Frameworks";
			outputPaths = (
				"${TARGET_BUILD_DIR}/${FRAMEWORKS_FOLDER_PATH}/Floaty.framework",
				"${TARGET_BUILD_DIR}/${FRAMEWORKS_FOLDER_PATH}/GTMSessionFetcher.framework",
				"${TARGET_BUILD_DIR}/${FRAMEWORKS_FOLDER_PATH}/GoogleToolboxForMac.framework",
				"${TARGET_BUILD_DIR}/${FRAMEWORKS_FOLDER_PATH}/IQKeyboardManagerSwift.framework",
				"${TARGET_BUILD_DIR}/${FRAMEWORKS_FOLDER_PATH}/leveldb.framework",
				"${TARGET_BUILD_DIR}/${FRAMEWORKS_FOLDER_PATH}/Lottie.framework",
				"${TARGET_BUILD_DIR}/${FRAMEWORKS_FOLDER_PATH}/nanopb.framework",
			);
			runOnlyForDeploymentPostprocessing = 0;
			shellPath = /bin/sh;
			shellScript = "\"${SRCROOT}/Pods/Target Support Files/Pods-Camera Detection Prototype/Pods-Camera Detection Prototype-frameworks.sh\"\n";
			showEnvVarsInLog = 0;
		};
		38B85729130138267C10F03C /* [CP] Copy Pods Resources */ = {
			isa = PBXShellScriptBuildPhase;
			buildActionMask = 2147483647;
			files = (
			);
			inputPaths = (
			);
			name = "[CP] Copy Pods Resources";
			outputPaths = (
			);
			runOnlyForDeploymentPostprocessing = 0;
			shellPath = /bin/sh;
			shellScript = "\"${SRCROOT}/Pods/Target Support Files/Pods-Camera Detection PrototypeTests/Pods-Camera Detection PrototypeTests-resources.sh\"\n";
			showEnvVarsInLog = 0;
		};
		457E600B272A52174E6905A6 /* [CP] Copy Pods Resources */ = {
			isa = PBXShellScriptBuildPhase;
			buildActionMask = 2147483647;
			files = (
			);
			inputPaths = (
			);
			name = "[CP] Copy Pods Resources";
			outputPaths = (
			);
			runOnlyForDeploymentPostprocessing = 0;
			shellPath = /bin/sh;
			shellScript = "\"${SRCROOT}/Pods/Target Support Files/Pods-Camera Detection PrototypeUITests/Pods-Camera Detection PrototypeUITests-resources.sh\"\n";
			showEnvVarsInLog = 0;
		};
		45E8F698E10D8620A4289275 /* [CP] Check Pods Manifest.lock */ = {
			isa = PBXShellScriptBuildPhase;
			buildActionMask = 2147483647;
			files = (
			);
			inputPaths = (
				"${PODS_PODFILE_DIR_PATH}/Podfile.lock",
				"${PODS_ROOT}/Manifest.lock",
			);
			name = "[CP] Check Pods Manifest.lock";
			outputPaths = (
				"$(DERIVED_FILE_DIR)/Pods-Camera Detection Prototype-checkManifestLockResult.txt",
			);
			runOnlyForDeploymentPostprocessing = 0;
			shellPath = /bin/sh;
			shellScript = "diff \"${PODS_PODFILE_DIR_PATH}/Podfile.lock\" \"${PODS_ROOT}/Manifest.lock\" > /dev/null\nif [ $? != 0 ] ; then\n    # print error to STDERR\n    echo \"error: The sandbox is not in sync with the Podfile.lock. Run 'pod install' or update your CocoaPods installation.\" >&2\n    exit 1\nfi\n# This output is used by Xcode 'outputs' to avoid re-running this script phase.\necho \"SUCCESS\" > \"${SCRIPT_OUTPUT_FILE_0}\"\n";
			showEnvVarsInLog = 0;
		};
		4AB50F8932C38EB709C12D66 /* [CP] Check Pods Manifest.lock */ = {
			isa = PBXShellScriptBuildPhase;
			buildActionMask = 2147483647;
			files = (
			);
			inputPaths = (
				"${PODS_PODFILE_DIR_PATH}/Podfile.lock",
				"${PODS_ROOT}/Manifest.lock",
			);
			name = "[CP] Check Pods Manifest.lock";
			outputPaths = (
				"$(DERIVED_FILE_DIR)/Pods-Camera Detection PrototypeUITests-checkManifestLockResult.txt",
			);
			runOnlyForDeploymentPostprocessing = 0;
			shellPath = /bin/sh;
			shellScript = "diff \"${PODS_PODFILE_DIR_PATH}/Podfile.lock\" \"${PODS_ROOT}/Manifest.lock\" > /dev/null\nif [ $? != 0 ] ; then\n    # print error to STDERR\n    echo \"error: The sandbox is not in sync with the Podfile.lock. Run 'pod install' or update your CocoaPods installation.\" >&2\n    exit 1\nfi\n# This output is used by Xcode 'outputs' to avoid re-running this script phase.\necho \"SUCCESS\" > \"${SCRIPT_OUTPUT_FILE_0}\"\n";
			showEnvVarsInLog = 0;
		};
		61C7F61F99A3E75D751B7ECD /* [CP] Check Pods Manifest.lock */ = {
			isa = PBXShellScriptBuildPhase;
			buildActionMask = 2147483647;
			files = (
			);
			inputPaths = (
				"${PODS_PODFILE_DIR_PATH}/Podfile.lock",
				"${PODS_ROOT}/Manifest.lock",
			);
			name = "[CP] Check Pods Manifest.lock";
			outputPaths = (
				"$(DERIVED_FILE_DIR)/Pods-Camera Detection PrototypeTests-checkManifestLockResult.txt",
			);
			runOnlyForDeploymentPostprocessing = 0;
			shellPath = /bin/sh;
			shellScript = "diff \"${PODS_PODFILE_DIR_PATH}/Podfile.lock\" \"${PODS_ROOT}/Manifest.lock\" > /dev/null\nif [ $? != 0 ] ; then\n    # print error to STDERR\n    echo \"error: The sandbox is not in sync with the Podfile.lock. Run 'pod install' or update your CocoaPods installation.\" >&2\n    exit 1\nfi\n# This output is used by Xcode 'outputs' to avoid re-running this script phase.\necho \"SUCCESS\" > \"${SCRIPT_OUTPUT_FILE_0}\"\n";
			showEnvVarsInLog = 0;
		};
		C93DECADC5F58D5A12F284E2 /* [CP] Embed Pods Frameworks */ = {
			isa = PBXShellScriptBuildPhase;
			buildActionMask = 2147483647;
			files = (
			);
			inputPaths = (
			);
			name = "[CP] Embed Pods Frameworks";
			outputPaths = (
			);
			runOnlyForDeploymentPostprocessing = 0;
			shellPath = /bin/sh;
			shellScript = "\"${SRCROOT}/Pods/Target Support Files/Pods-Camera Detection PrototypeUITests/Pods-Camera Detection PrototypeUITests-frameworks.sh\"\n";
			showEnvVarsInLog = 0;
		};
		E54D24D0CA864508863E74FC /* [CP] Copy Pods Resources */ = {
			isa = PBXShellScriptBuildPhase;
			buildActionMask = 2147483647;
			files = (
			);
			inputPaths = (
				"${SRCROOT}/Pods/Target Support Files/Pods-Camera Detection Prototype/Pods-Camera Detection Prototype-resources.sh",
				"${PODS_ROOT}/FBSDKCoreKit/FacebookSDKStrings.bundle",
			);
			name = "[CP] Copy Pods Resources";
			outputPaths = (
				"${TARGET_BUILD_DIR}/${UNLOCALIZED_RESOURCES_FOLDER_PATH}",
			);
			runOnlyForDeploymentPostprocessing = 0;
			shellPath = /bin/sh;
			shellScript = "\"${SRCROOT}/Pods/Target Support Files/Pods-Camera Detection Prototype/Pods-Camera Detection Prototype-resources.sh\"\n";
			showEnvVarsInLog = 0;
		};
/* End PBXShellScriptBuildPhase section */

/* Begin PBXSourcesBuildPhase section */
		E1F4D5001FB34F170063DE5F /* Sources */ = {
			isa = PBXSourcesBuildPhase;
			buildActionMask = 2147483647;
			files = (
				E12D7AE320442A0D00E6B7F2 /* HomepageViewController.swift in Sources */,
				E1E2F66F20A1B30C0044F316 /* MediaUploader.swift in Sources */,
				E181064C2056DD9D009B7B57 /* UploadViewController.swift in Sources */,
				E1E1F79E2033076B0099D10A /* LoginViewController.swift in Sources */,
				E1A8542020863F4A00599AA2 /* UserProfileViewController.swift in Sources */,
				E10B7A18205AB95B004D6925 /* Tutorial+Extension.swift in Sources */,
				E1F4D50A1FB34F170063DE5F /* LiveTutorialViewController.swift in Sources */,
				E1E2F67420A206D30044F316 /* EditProfileViewController.swift in Sources */,
				E1E2F66D20A1B1F70044F316 /* String+Extension.swift in Sources */,
				E11CBD91206020CE004FFE80 /* StepViewController.swift in Sources */,
				E12D7AEF20459F0600E6B7F2 /* CollectionViewCell.swift in Sources */,
				E1E1F7A020332F350099D10A /* AppContainerViewController.swift in Sources */,
				E12D7AED20445F2A00E6B7F2 /* UIViewStyles.swift in Sources */,
				E10B7A16205AB658004D6925 /* CustomUser.swift in Sources */,
				E11CBD982061361C004FFE80 /* TutorialStep+Extension.swift in Sources */,
				E1F4D5361FB3537F0063DE5F /* StepOne.swift in Sources */,
				E1A8A305203B0D1A00F60B21 /* SignUpViewController.swift in Sources */,
				E178B0F020545AC20047CA9A /* TutorialUploadViewController.swift in Sources */,
				E1B3710E1FBF259900877BA2 /* StepTwo.swift in Sources */,
				E1E1F7A220332F8D0099D10A /* AppManager.swift in Sources */,
				E159221420A4ADF5000ED013 /* ShareTutorialViewController.swift in Sources */,
				E14E871F208F982F006CB608 /* Texter.swift in Sources */,
				E14BAFEC205825A8003F064F /* Tutorial.swift in Sources */,
				E1B371101FBF4B0A00877BA2 /* StepThree.swift in Sources */,
				E1B44D7220A7304500E7F05A /* ShowTutorialCell.swift in Sources */,
				E1F4D5081FB34F170063DE5F /* AppDelegate.swift in Sources */,
				E15AF6942097791F00739809 /* Users.swift in Sources */,
				E183446720B432F0006D8F5B /* ShowStepCell.swift in Sources */,
				E11CBD932061198E004FFE80 /* TutorialStep.swift in Sources */,
				E135BD2020A60833003104D9 /* InfoViewController.swift in Sources */,
				E14BAFEE205826E8003F064F /* AddTutorialStep.swift in Sources */,
			);
			runOnlyForDeploymentPostprocessing = 0;
		};
		E1F4D5141FB34F170063DE5F /* Sources */ = {
			isa = PBXSourcesBuildPhase;
			buildActionMask = 2147483647;
			files = (
				E1F4D51D1FB34F170063DE5F /* Camera_Detection_PrototypeTests.swift in Sources */,
			);
			runOnlyForDeploymentPostprocessing = 0;
		};
		E1F4D51F1FB34F170063DE5F /* Sources */ = {
			isa = PBXSourcesBuildPhase;
			buildActionMask = 2147483647;
			files = (
				E1F4D5281FB34F170063DE5F /* Camera_Detection_PrototypeUITests.swift in Sources */,
			);
			runOnlyForDeploymentPostprocessing = 0;
		};
/* End PBXSourcesBuildPhase section */

/* Begin PBXTargetDependency section */
		E1F4D51A1FB34F170063DE5F /* PBXTargetDependency */ = {
			isa = PBXTargetDependency;
			target = E1F4D5031FB34F170063DE5F /* Camera Detection Prototype */;
			targetProxy = E1F4D5191FB34F170063DE5F /* PBXContainerItemProxy */;
		};
		E1F4D5251FB34F170063DE5F /* PBXTargetDependency */ = {
			isa = PBXTargetDependency;
			target = E1F4D5031FB34F170063DE5F /* Camera Detection Prototype */;
			targetProxy = E1F4D5241FB34F170063DE5F /* PBXContainerItemProxy */;
		};
/* End PBXTargetDependency section */

/* Begin PBXVariantGroup section */
		E1F4D5101FB34F170063DE5F /* LaunchScreen.storyboard */ = {
			isa = PBXVariantGroup;
			children = (
				E1F4D5111FB34F170063DE5F /* Base */,
			);
			name = LaunchScreen.storyboard;
			sourceTree = "<group>";
		};
/* End PBXVariantGroup section */

/* Begin XCBuildConfiguration section */
		E1F4D52A1FB34F170063DE5F /* Debug */ = {
			isa = XCBuildConfiguration;
			buildSettings = {
				ALWAYS_SEARCH_USER_PATHS = NO;
				CLANG_ANALYZER_NONNULL = YES;
				CLANG_ANALYZER_NUMBER_OBJECT_CONVERSION = YES_AGGRESSIVE;
				CLANG_CXX_LANGUAGE_STANDARD = "gnu++14";
				CLANG_CXX_LIBRARY = "libc++";
				CLANG_ENABLE_MODULES = YES;
				CLANG_ENABLE_OBJC_ARC = YES;
				CLANG_WARN_BLOCK_CAPTURE_AUTORELEASING = YES;
				CLANG_WARN_BOOL_CONVERSION = YES;
				CLANG_WARN_COMMA = YES;
				CLANG_WARN_CONSTANT_CONVERSION = YES;
				CLANG_WARN_DIRECT_OBJC_ISA_USAGE = YES_ERROR;
				CLANG_WARN_DOCUMENTATION_COMMENTS = YES;
				CLANG_WARN_EMPTY_BODY = YES;
				CLANG_WARN_ENUM_CONVERSION = YES;
				CLANG_WARN_INFINITE_RECURSION = YES;
				CLANG_WARN_INT_CONVERSION = YES;
				CLANG_WARN_NON_LITERAL_NULL_CONVERSION = YES;
				CLANG_WARN_OBJC_LITERAL_CONVERSION = YES;
				CLANG_WARN_OBJC_ROOT_CLASS = YES_ERROR;
				CLANG_WARN_RANGE_LOOP_ANALYSIS = YES;
				CLANG_WARN_STRICT_PROTOTYPES = YES;
				CLANG_WARN_SUSPICIOUS_MOVE = YES;
				CLANG_WARN_UNGUARDED_AVAILABILITY = YES_AGGRESSIVE;
				CLANG_WARN_UNREACHABLE_CODE = YES;
				CLANG_WARN__DUPLICATE_METHOD_MATCH = YES;
				CODE_SIGN_IDENTITY = "iPhone Developer";
				COPY_PHASE_STRIP = NO;
				DEBUG_INFORMATION_FORMAT = dwarf;
				ENABLE_STRICT_OBJC_MSGSEND = YES;
				ENABLE_TESTABILITY = YES;
				GCC_C_LANGUAGE_STANDARD = gnu11;
				GCC_DYNAMIC_NO_PIC = NO;
				GCC_NO_COMMON_BLOCKS = YES;
				GCC_OPTIMIZATION_LEVEL = 0;
				GCC_PREPROCESSOR_DEFINITIONS = (
					"DEBUG=1",
					"$(inherited)",
				);
				GCC_WARN_64_TO_32_BIT_CONVERSION = YES;
				GCC_WARN_ABOUT_RETURN_TYPE = YES_ERROR;
				GCC_WARN_UNDECLARED_SELECTOR = YES;
				GCC_WARN_UNINITIALIZED_AUTOS = YES_AGGRESSIVE;
				GCC_WARN_UNUSED_FUNCTION = YES;
				GCC_WARN_UNUSED_VARIABLE = YES;
				IPHONEOS_DEPLOYMENT_TARGET = 11.1;
				MTL_ENABLE_DEBUG_INFO = YES;
				ONLY_ACTIVE_ARCH = YES;
				SDKROOT = iphoneos;
				SWIFT_ACTIVE_COMPILATION_CONDITIONS = DEBUG;
				SWIFT_OPTIMIZATION_LEVEL = "-Onone";
			};
			name = Debug;
		};
		E1F4D52B1FB34F170063DE5F /* Release */ = {
			isa = XCBuildConfiguration;
			buildSettings = {
				ALWAYS_SEARCH_USER_PATHS = NO;
				CLANG_ANALYZER_NONNULL = YES;
				CLANG_ANALYZER_NUMBER_OBJECT_CONVERSION = YES_AGGRESSIVE;
				CLANG_CXX_LANGUAGE_STANDARD = "gnu++14";
				CLANG_CXX_LIBRARY = "libc++";
				CLANG_ENABLE_MODULES = YES;
				CLANG_ENABLE_OBJC_ARC = YES;
				CLANG_WARN_BLOCK_CAPTURE_AUTORELEASING = YES;
				CLANG_WARN_BOOL_CONVERSION = YES;
				CLANG_WARN_COMMA = YES;
				CLANG_WARN_CONSTANT_CONVERSION = YES;
				CLANG_WARN_DIRECT_OBJC_ISA_USAGE = YES_ERROR;
				CLANG_WARN_DOCUMENTATION_COMMENTS = YES;
				CLANG_WARN_EMPTY_BODY = YES;
				CLANG_WARN_ENUM_CONVERSION = YES;
				CLANG_WARN_INFINITE_RECURSION = YES;
				CLANG_WARN_INT_CONVERSION = YES;
				CLANG_WARN_NON_LITERAL_NULL_CONVERSION = YES;
				CLANG_WARN_OBJC_LITERAL_CONVERSION = YES;
				CLANG_WARN_OBJC_ROOT_CLASS = YES_ERROR;
				CLANG_WARN_RANGE_LOOP_ANALYSIS = YES;
				CLANG_WARN_STRICT_PROTOTYPES = YES;
				CLANG_WARN_SUSPICIOUS_MOVE = YES;
				CLANG_WARN_UNGUARDED_AVAILABILITY = YES_AGGRESSIVE;
				CLANG_WARN_UNREACHABLE_CODE = YES;
				CLANG_WARN__DUPLICATE_METHOD_MATCH = YES;
				CODE_SIGN_IDENTITY = "iPhone Developer";
				COPY_PHASE_STRIP = NO;
				DEBUG_INFORMATION_FORMAT = "dwarf-with-dsym";
				ENABLE_NS_ASSERTIONS = NO;
				ENABLE_STRICT_OBJC_MSGSEND = YES;
				GCC_C_LANGUAGE_STANDARD = gnu11;
				GCC_NO_COMMON_BLOCKS = YES;
				GCC_WARN_64_TO_32_BIT_CONVERSION = YES;
				GCC_WARN_ABOUT_RETURN_TYPE = YES_ERROR;
				GCC_WARN_UNDECLARED_SELECTOR = YES;
				GCC_WARN_UNINITIALIZED_AUTOS = YES_AGGRESSIVE;
				GCC_WARN_UNUSED_FUNCTION = YES;
				GCC_WARN_UNUSED_VARIABLE = YES;
				IPHONEOS_DEPLOYMENT_TARGET = 11.1;
				MTL_ENABLE_DEBUG_INFO = NO;
				SDKROOT = iphoneos;
				SWIFT_OPTIMIZATION_LEVEL = "-Owholemodule";
				VALIDATE_PRODUCT = YES;
			};
			name = Release;
		};
		E1F4D52D1FB34F170063DE5F /* Debug */ = {
			isa = XCBuildConfiguration;
			baseConfigurationReference = 4FE74EC7C2874E186CBB30E6 /* Pods-Camera Detection Prototype.debug.xcconfig */;
			buildSettings = {
				ASSETCATALOG_COMPILER_APPICON_NAME = AppIcon;
				CODE_SIGN_STYLE = Automatic;
				DEVELOPMENT_TEAM = X3RWR9Y2DU;
				FRAMEWORK_SEARCH_PATHS = (
					"$(inherited)",
					"$(PROJECT_DIR)",
				);
				INFOPLIST_FILE = "Camera Detection Prototype/Info.plist";
				LD_RUNPATH_SEARCH_PATHS = "$(inherited) @executable_path/Frameworks";
				PRODUCT_BUNDLE_IDENTIFIER = "com.amywichelow.Camera-Detection-Prototype";
				PRODUCT_NAME = "$(TARGET_NAME)";
				SWIFT_VERSION = 4.0;
				TARGETED_DEVICE_FAMILY = 1;
			};
			name = Debug;
		};
		E1F4D52E1FB34F170063DE5F /* Release */ = {
			isa = XCBuildConfiguration;
			baseConfigurationReference = 31A52FAB59EB598DBD80C3F6 /* Pods-Camera Detection Prototype.release.xcconfig */;
			buildSettings = {
				ASSETCATALOG_COMPILER_APPICON_NAME = AppIcon;
				CODE_SIGN_STYLE = Automatic;
				DEVELOPMENT_TEAM = X3RWR9Y2DU;
				FRAMEWORK_SEARCH_PATHS = (
					"$(inherited)",
					"$(PROJECT_DIR)",
				);
				INFOPLIST_FILE = "Camera Detection Prototype/Info.plist";
				LD_RUNPATH_SEARCH_PATHS = "$(inherited) @executable_path/Frameworks";
				PRODUCT_BUNDLE_IDENTIFIER = "com.amywichelow.Camera-Detection-Prototype";
				PRODUCT_NAME = "$(TARGET_NAME)";
				SWIFT_VERSION = 4.0;
				TARGETED_DEVICE_FAMILY = 1;
			};
			name = Release;
		};
		E1F4D5301FB34F170063DE5F /* Debug */ = {
			isa = XCBuildConfiguration;
			baseConfigurationReference = A3EC2BF938313EC77DBDEAA5 /* Pods-Camera Detection PrototypeTests.debug.xcconfig */;
			buildSettings = {
				ALWAYS_EMBED_SWIFT_STANDARD_LIBRARIES = YES;
				BUNDLE_LOADER = "$(TEST_HOST)";
				CODE_SIGN_STYLE = Automatic;
				INFOPLIST_FILE = "Camera Detection PrototypeTests/Info.plist";
				LD_RUNPATH_SEARCH_PATHS = "$(inherited) @executable_path/Frameworks @loader_path/Frameworks";
				PRODUCT_BUNDLE_IDENTIFIER = "com.amywichelow.Camera-Detection-PrototypeTests";
				PRODUCT_NAME = "$(TARGET_NAME)";
				SWIFT_VERSION = 4.0;
				TARGETED_DEVICE_FAMILY = "1,2";
				TEST_HOST = "$(BUILT_PRODUCTS_DIR)/Camera Detection Prototype.app/Camera Detection Prototype";
			};
			name = Debug;
		};
		E1F4D5311FB34F170063DE5F /* Release */ = {
			isa = XCBuildConfiguration;
			baseConfigurationReference = F1A6D59868B9BCE0C6B1D918 /* Pods-Camera Detection PrototypeTests.release.xcconfig */;
			buildSettings = {
				ALWAYS_EMBED_SWIFT_STANDARD_LIBRARIES = YES;
				BUNDLE_LOADER = "$(TEST_HOST)";
				CODE_SIGN_STYLE = Automatic;
				INFOPLIST_FILE = "Camera Detection PrototypeTests/Info.plist";
				LD_RUNPATH_SEARCH_PATHS = "$(inherited) @executable_path/Frameworks @loader_path/Frameworks";
				PRODUCT_BUNDLE_IDENTIFIER = "com.amywichelow.Camera-Detection-PrototypeTests";
				PRODUCT_NAME = "$(TARGET_NAME)";
				SWIFT_VERSION = 4.0;
				TARGETED_DEVICE_FAMILY = "1,2";
				TEST_HOST = "$(BUILT_PRODUCTS_DIR)/Camera Detection Prototype.app/Camera Detection Prototype";
			};
			name = Release;
		};
		E1F4D5331FB34F170063DE5F /* Debug */ = {
			isa = XCBuildConfiguration;
			baseConfigurationReference = CEDF2A373FFBA50D6712B02F /* Pods-Camera Detection PrototypeUITests.debug.xcconfig */;
			buildSettings = {
				ALWAYS_EMBED_SWIFT_STANDARD_LIBRARIES = YES;
				CODE_SIGN_STYLE = Automatic;
				INFOPLIST_FILE = "Camera Detection PrototypeUITests/Info.plist";
				LD_RUNPATH_SEARCH_PATHS = "$(inherited) @executable_path/Frameworks @loader_path/Frameworks";
				PRODUCT_BUNDLE_IDENTIFIER = "com.amywichelow.Camera-Detection-PrototypeUITests";
				PRODUCT_NAME = "$(TARGET_NAME)";
				SWIFT_VERSION = 4.0;
				TARGETED_DEVICE_FAMILY = "1,2";
				TEST_TARGET_NAME = "Camera Detection Prototype";
			};
			name = Debug;
		};
		E1F4D5341FB34F170063DE5F /* Release */ = {
			isa = XCBuildConfiguration;
			baseConfigurationReference = 811743C000A0F70760E084E7 /* Pods-Camera Detection PrototypeUITests.release.xcconfig */;
			buildSettings = {
				ALWAYS_EMBED_SWIFT_STANDARD_LIBRARIES = YES;
				CODE_SIGN_STYLE = Automatic;
				INFOPLIST_FILE = "Camera Detection PrototypeUITests/Info.plist";
				LD_RUNPATH_SEARCH_PATHS = "$(inherited) @executable_path/Frameworks @loader_path/Frameworks";
				PRODUCT_BUNDLE_IDENTIFIER = "com.amywichelow.Camera-Detection-PrototypeUITests";
				PRODUCT_NAME = "$(TARGET_NAME)";
				SWIFT_VERSION = 4.0;
				TARGETED_DEVICE_FAMILY = "1,2";
				TEST_TARGET_NAME = "Camera Detection Prototype";
			};
			name = Release;
		};
/* End XCBuildConfiguration section */

/* Begin XCConfigurationList section */
		E1F4D4FF1FB34F170063DE5F /* Build configuration list for PBXProject "Camera Detection Prototype" */ = {
			isa = XCConfigurationList;
			buildConfigurations = (
				E1F4D52A1FB34F170063DE5F /* Debug */,
				E1F4D52B1FB34F170063DE5F /* Release */,
			);
			defaultConfigurationIsVisible = 0;
			defaultConfigurationName = Release;
		};
		E1F4D52C1FB34F170063DE5F /* Build configuration list for PBXNativeTarget "Camera Detection Prototype" */ = {
			isa = XCConfigurationList;
			buildConfigurations = (
				E1F4D52D1FB34F170063DE5F /* Debug */,
				E1F4D52E1FB34F170063DE5F /* Release */,
			);
			defaultConfigurationIsVisible = 0;
			defaultConfigurationName = Release;
		};
		E1F4D52F1FB34F170063DE5F /* Build configuration list for PBXNativeTarget "Camera Detection PrototypeTests" */ = {
			isa = XCConfigurationList;
			buildConfigurations = (
				E1F4D5301FB34F170063DE5F /* Debug */,
				E1F4D5311FB34F170063DE5F /* Release */,
			);
			defaultConfigurationIsVisible = 0;
			defaultConfigurationName = Release;
		};
		E1F4D5321FB34F170063DE5F /* Build configuration list for PBXNativeTarget "Camera Detection PrototypeUITests" */ = {
			isa = XCConfigurationList;
			buildConfigurations = (
				E1F4D5331FB34F170063DE5F /* Debug */,
				E1F4D5341FB34F170063DE5F /* Release */,
			);
			defaultConfigurationIsVisible = 0;
			defaultConfigurationName = Release;
		};
/* End XCConfigurationList section */
	};
	rootObject = E1F4D4FC1FB34F170063DE5F /* Project object */;
}
